
Microsoft Visual Studio Solution File, Format Version 12.00
# Visual Studio Version 17
VisualStudioVersion = 17.5.33530.505
MinimumVisualStudioVersion = 10.0.40219.1
Project("{9A19103F-16F7-4668-BE54-9A1E7A4F7556}") = "DeluxeEdit.Shared", "DeluxeEdit.Shared\DeluxeEdit.Shared.csproj", "{EB9571F5-A127-4754-96EE-BEF0BD6AA655}"
EndProject
Project("{9A19103F-16F7-4668-BE54-9A1E7A4F7556}") = "DeluxeEdit.DefaultPlugins", "DeluxeEdit.DefaultPlugins\DeluxeEdit.DefaultPlugins.csproj", "{AA83EAD9-377C-46E8-9962-1FB50B16D623}"
EndProject
Project("{9A19103F-16F7-4668-BE54-9A1E7A4F7556}") = "DeluxeEdit.Model", "DeluxeEdit.Model\DeluxeEdit.Model.csproj", "{7653816A-0A0F-431E-B49D-7952C2A472EC}"
EndProject
Project("{9A19103F-16F7-4668-BE54-9A1E7A4F7556}") = "DeluxeEdit", "DeluxeEdit\DeluxeEdit.csproj", "{90DBAB68-82C5-434F-9662-FA039B9DAD66}"
EndProject
Project("{9A19103F-16F7-4668-BE54-9A1E7A4F7556}") = "DeluxeEdit.Extensions", "DeluxeEdit.Extensions\DeluxeEdit.Extensions.csproj", "{74DEE911-4339-4536-BBD3-8692B28AAF0D}"
EndProject
Global
	GlobalSection(SolutionConfigurationPlatforms) = preSolution
		Debug|Any CPU = Debug|Any CPU
		Release|Any CPU = Release|Any CPU
	EndGlobalSection
	GlobalSection(ProjectConfigurationPlatforms) = postSolution
		{EB9571F5-A127-4754-96EE-BEF0BD6AA655}.Debug|Any CPU.ActiveCfg = Debug|Any CPU
		{EB9571F5-A127-4754-96EE-BEF0BD6AA655}.Debug|Any CPU.Build.0 = Debug|Any CPU
		{EB9571F5-A127-4754-96EE-BEF0BD6AA655}.Release|Any CPU.ActiveCfg = Release|Any CPU
		{EB9571F5-A127-4754-96EE-BEF0BD6AA655}.Release|Any CPU.Build.0 = Release|Any CPU
		{AA83EAD9-377C-46E8-9962-1FB50B16D623}.Debug|Any CPU.ActiveCfg = Debug|Any CPU
		{AA83EAD9-377C-46E8-9962-1FB50B16D623}.Debug|Any CPU.Build.0 = Debug|Any CPU
		{AA83EAD9-377C-46E8-9962-1FB50B16D623}.Release|Any CPU.ActiveCfg = Release|Any CPU
		{AA83EAD9-377C-46E8-9962-1FB50B16D623}.Release|Any CPU.Build.0 = Release|Any CPU
		{7653816A-0A0F-431E-B49D-7952C2A472EC}.Debug|Any CPU.ActiveCfg = Debug|Any CPU
		{7653816A-0A0F-431E-B49D-7952C2A472EC}.Debug|Any CPU.Build.0 = Debug|Any CPU
		{7653816A-0A0F-431E-B49D-7952C2A472EC}.Release|Any CPU.ActiveCfg = Release|Any CPU
		{7653816A-0A0F-431E-B49D-7952C2A472EC}.Release|Any CPU.Build.0 = Release|Any CPU
		{90DBAB68-82C5-434F-9662-FA039B9DAD66}.Debug|Any CPU.ActiveCfg = Debug|Any CPU
		{90DBAB68-82C5-434F-9662-FA039B9DAD66}.Debug|Any CPU.Build.0 = Debug|Any CPU
		{90DBAB68-82C5-434F-9662-FA039B9DAD66}.Release|Any CPU.ActiveCfg = Release|Any CPU
		{90DBAB68-82C5-434F-9662-FA039B9DAD66}.Release|Any CPU.Build.0 = Release|Any CPU
		{74DEE911-4339-4536-BBD3-8692B28AAF0D}.Debug|Any CPU.ActiveCfg = Debug|Any CPU
		{74DEE911-4339-4536-BBD3-8692B28AAF0D}.Debug|Any CPU.Build.0 = Debug|Any CPU
		{74DEE911-4339-4536-BBD3-8692B28AAF0D}.Release|Any CPU.ActiveCfg = Release|Any CPU
		{74DEE911-4339-4536-BBD3-8692B28AAF0D}.Release|Any CPU.Build.0 = Release|Any CPU
	EndGlobalSection
	GlobalSection(SolutionProperties) = preSolution
		HideSolutionNode = FALSE
	EndGlobalSection
	GlobalSection(ExtensibilityGlobals) = postSolution
		SolutionGuid = {DCBEF9C5-A446-4A62-B058-1E17441EDCC9}
	EndGlobalSection
EndGlobal
